
Microsoft Visual Studio Solution File, Format Version 12.00
# Visual Studio Version 17
VisualStudioVersion = 17.0.32112.339
MinimumVisualStudioVersion = 10.0.40219.1
Project("{9A19103F-16F7-4668-BE54-9A1E7A4F7556}") = "SeidorApp", "SeidorApp\SeidorApp.csproj", "{9EF84A5E-5EFA-4549-B69E-E3C94E90A1B8}"
EndProject
Project("{9A19103F-16F7-4668-BE54-9A1E7A4F7556}") = "BaseCore", "SeidorCore\BaseCore.csproj", "{13D70B0A-CF51-4EDD-AB50-9A564CEB5FB4}"
EndProject
Project("{9A19103F-16F7-4668-BE54-9A1E7A4F7556}") = "SeidorApp.Core", "SeidorApp.Core\SeidorApp.Core.csproj", "{12684B2D-0903-4CE5-9203-9BCD5F71275B}"
EndProject
Project("{FAE04EC0-301F-11D3-BF4B-00C04F79EFBC}") = "SeidorApp.Testing", "SeidorApp.Testing\SeidorApp.Testing.csproj", "{E4889A8A-1BC1-44D0-BCC5-739AC497E873}"
EndProject
Global
	GlobalSection(SolutionConfigurationPlatforms) = preSolution
		Debug|Any CPU = Debug|Any CPU
		Release|Any CPU = Release|Any CPU
	EndGlobalSection
	GlobalSection(ProjectConfigurationPlatforms) = postSolution
		{9EF84A5E-5EFA-4549-B69E-E3C94E90A1B8}.Debug|Any CPU.ActiveCfg = Debug|Any CPU
		{9EF84A5E-5EFA-4549-B69E-E3C94E90A1B8}.Debug|Any CPU.Build.0 = Debug|Any CPU
		{9EF84A5E-5EFA-4549-B69E-E3C94E90A1B8}.Release|Any CPU.ActiveCfg = Release|Any CPU
		{9EF84A5E-5EFA-4549-B69E-E3C94E90A1B8}.Release|Any CPU.Build.0 = Release|Any CPU
		{13D70B0A-CF51-4EDD-AB50-9A564CEB5FB4}.Debug|Any CPU.ActiveCfg = Debug|Any CPU
		{13D70B0A-CF51-4EDD-AB50-9A564CEB5FB4}.Debug|Any CPU.Build.0 = Debug|Any CPU
		{13D70B0A-CF51-4EDD-AB50-9A564CEB5FB4}.Release|Any CPU.ActiveCfg = Release|Any CPU
		{13D70B0A-CF51-4EDD-AB50-9A564CEB5FB4}.Release|Any CPU.Build.0 = Release|Any CPU
		{12684B2D-0903-4CE5-9203-9BCD5F71275B}.Debug|Any CPU.ActiveCfg = Debug|Any CPU
		{12684B2D-0903-4CE5-9203-9BCD5F71275B}.Debug|Any CPU.Build.0 = Debug|Any CPU
		{12684B2D-0903-4CE5-9203-9BCD5F71275B}.Release|Any CPU.ActiveCfg = Release|Any CPU
		{12684B2D-0903-4CE5-9203-9BCD5F71275B}.Release|Any CPU.Build.0 = Release|Any CPU
		{E4889A8A-1BC1-44D0-BCC5-739AC497E873}.Debug|Any CPU.ActiveCfg = Debug|Any CPU
		{E4889A8A-1BC1-44D0-BCC5-739AC497E873}.Debug|Any CPU.Build.0 = Debug|Any CPU
		{E4889A8A-1BC1-44D0-BCC5-739AC497E873}.Release|Any CPU.ActiveCfg = Release|Any CPU
		{E4889A8A-1BC1-44D0-BCC5-739AC497E873}.Release|Any CPU.Build.0 = Release|Any CPU
	EndGlobalSection
	GlobalSection(SolutionProperties) = preSolution
		HideSolutionNode = FALSE
	EndGlobalSection
	GlobalSection(ExtensibilityGlobals) = postSolution
		SolutionGuid = {83E42342-9884-4A5E-B589-CC72D7FADDEE}
	EndGlobalSection
EndGlobal
